
Microsoft Visual Studio Solution File, Format Version 12.00
# Visual Studio Version 16
VisualStudioVersion = 16.0.31205.134
MinimumVisualStudioVersion = 10.0.40219.1
Project("{FAE04EC0-301F-11D3-BF4B-00C04F79EFBC}") = "MetodoMinimosCuadrados", "MetodoMinimosCuadrados.csproj", "{9F8181EF-7913-4377-9D6D-56F3DCAB41B4}"
EndProject
Global
	GlobalSection(SolutionConfigurationPlatforms) = preSolution
		Debug|Any CPU = Debug|Any CPU
		Release|Any CPU = Release|Any CPU
	EndGlobalSection
	GlobalSection(ProjectConfigurationPlatforms) = postSolution
		{9F8181EF-7913-4377-9D6D-56F3DCAB41B4}.Debug|Any CPU.ActiveCfg = Debug|Any CPU
		{9F8181EF-7913-4377-9D6D-56F3DCAB41B4}.Debug|Any CPU.Build.0 = Debug|Any CPU
		{9F8181EF-7913-4377-9D6D-56F3DCAB41B4}.Release|Any CPU.ActiveCfg = Release|Any CPU
		{9F8181EF-7913-4377-9D6D-56F3DCAB41B4}.Release|Any CPU.Build.0 = Release|Any CPU
	EndGlobalSection
	GlobalSection(SolutionProperties) = preSolution
		HideSolutionNode = FALSE
	EndGlobalSection
	GlobalSection(ExtensibilityGlobals) = postSolution
		SolutionGuid = {9C257475-B508-4BE5-9E2D-FD1EB5BE3223}
	EndGlobalSection
EndGlobal
